
Microsoft Visual Studio Solution File, Format Version 11.00
# Visual Studio 2010
Project("{8BC9CEB8-8B4A-11D0-8D11-00A0C91BC942}") = "NetworkTeam2", "ARP TermProject Team7.vcxproj", "{C732C6D3-3DF6-4E01-8CB2-E9ADE0B6FE49}"
EndProject
Global
	GlobalSection(SolutionConfigurationPlatforms) = preSolution
		Debug|Win32 = Debug|Win32
		Release|Win32 = Release|Win32
	EndGlobalSection
	GlobalSection(ProjectConfigurationPlatforms) = postSolution
		{C732C6D3-3DF6-4E01-8CB2-E9ADE0B6FE49}.Debug|Win32.ActiveCfg = Debug|Win32
		{C732C6D3-3DF6-4E01-8CB2-E9ADE0B6FE49}.Debug|Win32.Build.0 = Debug|Win32
		{C732C6D3-3DF6-4E01-8CB2-E9ADE0B6FE49}.Release|Win32.ActiveCfg = Release|Win32
		{C732C6D3-3DF6-4E01-8CB2-E9ADE0B6FE49}.Release|Win32.Build.0 = Release|Win32
	EndGlobalSection
	GlobalSection(SolutionProperties) = preSolution
		HideSolutionNode = FALSE
	EndGlobalSection
EndGlobal
